// !$*UTF8*$!
{
	archiveVersion = 1;
	classes = {
	};
	objectVersion = 50;
	objects = {

/* Begin PBXBuildFile section */
		570711A2222CC2D600925EB2 /* AppDelegate.m in Sources */ = {isa = PBXBuildFile; fileRef = 570711A1222CC2D600925EB2 /* AppDelegate.m */; };
		570711A5222CC2D600925EB2 /* ViewController.m in Sources */ = {isa = PBXBuildFile; fileRef = 570711A4222CC2D600925EB2 /* ViewController.m */; };
		570711A8222CC2D600925EB2 /* Main.storyboard in Resources */ = {isa = PBXBuildFile; fileRef = 570711A6222CC2D600925EB2 /* Main.storyboard */; };
		570711AB222CC2D600925EB2 /* __stb.xcdatamodeld in Sources */ = {isa = PBXBuildFile; fileRef = 570711A9222CC2D600925EB2 /* __stb.xcdatamodeld */; };
		570711AD222CC2D700925EB2 /* Assets.xcassets in Resources */ = {isa = PBXBuildFile; fileRef = 570711AC222CC2D700925EB2 /* Assets.xcassets */; };
		570711B0222CC2D700925EB2 /* LaunchScreen.storyboard in Resources */ = {isa = PBXBuildFile; fileRef = 570711AE222CC2D700925EB2 /* LaunchScreen.storyboard */; };
		570711B3222CC2D700925EB2 /* main.m in Sources */ = {isa = PBXBuildFile; fileRef = 570711B2222CC2D700925EB2 /* main.m */; };
		570711BB222CC31900925EB2 /* YView.mm in Sources */ = {isa = PBXBuildFile; fileRef = 570711BA222CC31900925EB2 /* YView.mm */; };
		570711BE222CC56100925EB2 /* utils.m in Sources */ = {isa = PBXBuildFile; fileRef = 570711BD222CC56100925EB2 /* utils.m */; };
		570711C0222CC61E00925EB2 /* ver.glsl in Resources */ = {isa = PBXBuildFile; fileRef = 570711BF222CC61E00925EB2 /* ver.glsl */; };
		570711C2222CC62E00925EB2 /* frag.glsl in Resources */ = {isa = PBXBuildFile; fileRef = 570711C1222CC62E00925EB2 /* frag.glsl */; };
		570711C5222CCF2100925EB2 /* test1Ret.jpg in Resources */ = {isa = PBXBuildFile; fileRef = 570711C4222CCF2100925EB2 /* test1Ret.jpg */; };
		570711C8222CD23E00925EB2 /* OpenGLES.framework in Frameworks */ = {isa = PBXBuildFile; fileRef = 570711C7222CD23E00925EB2 /* OpenGLES.framework */; };
/* End PBXBuildFile section */

/* Begin PBXFileReference section */
		5707119D222CC2D600925EB2 /* 纹理stb.app */ = {isa = PBXFileReference; explicitFileType = wrapper.application; includeInIndex = 0; path = "纹理stb.app"; sourceTree = BUILT_PRODUCTS_DIR; };
		570711A0222CC2D600925EB2 /* AppDelegate.h */ = {isa = PBXFileReference; lastKnownFileType = sourcecode.c.h; path = AppDelegate.h; sourceTree = "<group>"; };
		570711A1222CC2D600925EB2 /* AppDelegate.m */ = {isa = PBXFileReference; lastKnownFileType = sourcecode.c.objc; path = AppDelegate.m; sourceTree = "<group>"; };
		570711A3222CC2D600925EB2 /* ViewController.h */ = {isa = PBXFileReference; lastKnownFileType = sourcecode.c.h; path = ViewController.h; sourceTree = "<group>"; };
		570711A4222CC2D600925EB2 /* ViewController.m */ = {isa = PBXFileReference; lastKnownFileType = sourcecode.c.objc; path = ViewController.m; sourceTree = "<group>"; };
		570711A7222CC2D600925EB2 /* Base */ = {isa = PBXFileReference; lastKnownFileType = file.storyboard; name = Base; path = Base.lproj/Main.storyboard; sourceTree = "<group>"; };
		570711AA222CC2D600925EB2 /* __stb.xcdatamodel */ = {isa = PBXFileReference; lastKnownFileType = wrapper.xcdatamodel; path = __stb.xcdatamodel; sourceTree = "<group>"; };
		570711AC222CC2D700925EB2 /* Assets.xcassets */ = {isa = PBXFileReference; lastKnownFileType = folder.assetcatalog; path = Assets.xcassets; sourceTree = "<group>"; };
		570711AF222CC2D700925EB2 /* Base */ = {isa = PBXFileReference; lastKnownFileType = file.storyboard; name = Base; path = Base.lproj/LaunchScreen.storyboard; sourceTree = "<group>"; };
		570711B1222CC2D700925EB2 /* Info.plist */ = {isa = PBXFileReference; lastKnownFileType = text.plist.xml; path = Info.plist; sourceTree = "<group>"; };
		570711B2222CC2D700925EB2 /* main.m */ = {isa = PBXFileReference; lastKnownFileType = sourcecode.c.objc; path = main.m; sourceTree = "<group>"; };
		570711B9222CC31900925EB2 /* YView.h */ = {isa = PBXFileReference; lastKnownFileType = sourcecode.c.h; path = YView.h; sourceTree = "<group>"; };
		570711BA222CC31900925EB2 /* YView.mm */ = {isa = PBXFileReference; lastKnownFileType = sourcecode.cpp.objcpp; path = YView.mm; sourceTree = "<group>"; };
		570711BC222CC56100925EB2 /* utils.h */ = {isa = PBXFileReference; lastKnownFileType = sourcecode.c.h; path = utils.h; sourceTree = "<group>"; };
		570711BD222CC56100925EB2 /* utils.m */ = {isa = PBXFileReference; lastKnownFileType = sourcecode.c.objc; path = utils.m; sourceTree = "<group>"; };
		570711BF222CC61E00925EB2 /* ver.glsl */ = {isa = PBXFileReference; lastKnownFileType = text; path = ver.glsl; sourceTree = "<group>"; };
		570711C1222CC62E00925EB2 /* frag.glsl */ = {isa = PBXFileReference; lastKnownFileType = text; path = frag.glsl; sourceTree = "<group>"; };
		570711C3222CCD1C00925EB2 /* stb_image.h */ = {isa = PBXFileReference; fileEncoding = 4; lastKnownFileType = sourcecode.c.h; name = stb_image.h; path = ../../5/4/stb_image.h; sourceTree = "<group>"; };
		570711C4222CCF2100925EB2 /* test1Ret.jpg */ = {isa = PBXFileReference; lastKnownFileType = image.jpeg; path = test1Ret.jpg; sourceTree = "<group>"; };
		570711C7222CD23E00925EB2 /* OpenGLES.framework */ = {isa = PBXFileReference; lastKnownFileType = wrapper.framework; name = OpenGLES.framework; path = System/Library/Frameworks/OpenGLES.framework; sourceTree = SDKROOT; };
/* End PBXFileReference section */

/* Begin PBXFrameworksBuildPhase section */
		5707119A222CC2D600925EB2 /* Frameworks */ = {
			isa = PBXFrameworksBuildPhase;
			buildActionMask = 2147483647;
			files = (
				570711C8222CD23E00925EB2 /* OpenGLES.framework in Frameworks */,
			);
			runOnlyForDeploymentPostprocessing = 0;
		};
/* End PBXFrameworksBuildPhase section */

/* Begin PBXGroup section */
		57071194222CC2D600925EB2 = {
			isa = PBXGroup;
			children = (
				5707119F222CC2D600925EB2 /* 纹理stb */,
				5707119E222CC2D600925EB2 /* Products */,
				570711C6222CD23E00925EB2 /* Frameworks */,
			);
			sourceTree = "<group>";
		};
		5707119E222CC2D600925EB2 /* Products */ = {
			isa = PBXGroup;
			children = (
				5707119D222CC2D600925EB2 /* 纹理stb.app */,
			);
			name = Products;
			sourceTree = "<group>";
		};
		5707119F222CC2D600925EB2 /* 纹理stb */ = {
			isa = PBXGroup;
			children = (
				570711C3222CCD1C00925EB2 /* stb_image.h */,
				570711A0222CC2D600925EB2 /* AppDelegate.h */,
				570711A1222CC2D600925EB2 /* AppDelegate.m */,
				570711A3222CC2D600925EB2 /* ViewController.h */,
				570711B9222CC31900925EB2 /* YView.h */,
				570711BA222CC31900925EB2 /* YView.mm */,
				570711BC222CC56100925EB2 /* utils.h */,
				570711BD222CC56100925EB2 /* utils.m */,
				570711BF222CC61E00925EB2 /* ver.glsl */,
				570711C1222CC62E00925EB2 /* frag.glsl */,
				570711A4222CC2D600925EB2 /* ViewController.m */,
				570711A6222CC2D600925EB2 /* Main.storyboard */,
				570711C4222CCF2100925EB2 /* test1Ret.jpg */,
				570711AC222CC2D700925EB2 /* Assets.xcassets */,
				570711AE222CC2D700925EB2 /* LaunchScreen.storyboard */,
				570711B1222CC2D700925EB2 /* Info.plist */,
				570711B2222CC2D700925EB2 /* main.m */,
				570711A9222CC2D600925EB2 /* __stb.xcdatamodeld */,
			);
			path = "纹理stb";
			sourceTree = "<group>";
		};
		570711C6222CD23E00925EB2 /* Frameworks */ = {
			isa = PBXGroup;
			children = (
				570711C7222CD23E00925EB2 /* OpenGLES.framework */,
			);
			name = Frameworks;
			sourceTree = "<group>";
		};
/* End PBXGroup section */

/* Begin PBXNativeTarget section */
		5707119C222CC2D600925EB2 /* 纹理stb */ = {
			isa = PBXNativeTarget;
			buildConfigurationList = 570711B6222CC2D700925EB2 /* Build configuration list for PBXNativeTarget "纹理stb" */;
			buildPhases = (
				57071199222CC2D600925EB2 /* Sources */,
				5707119A222CC2D600925EB2 /* Frameworks */,
				5707119B222CC2D600925EB2 /* Resources */,
			);
			buildRules = (
			);
			dependencies = (
			);
			name = "纹理stb";
			productName = "纹理stb";
			productReference = 5707119D222CC2D600925EB2 /* 纹理stb.app */;
			productType = "com.apple.product-type.application";
		};
/* End PBXNativeTarget section */

/* Begin PBXProject section */
		57071195222CC2D600925EB2 /* Project object */ = {
			isa = PBXProject;
			attributes = {
				LastUpgradeCheck = 1010;
				ORGANIZATIONNAME = wangkaiyu;
				TargetAttributes = {
					5707119C222CC2D600925EB2 = {
						CreatedOnToolsVersion = 10.1;
					};
				};
			};
			buildConfigurationList = 57071198222CC2D600925EB2 /* Build configuration list for PBXProject "纹理stb" */;
			compatibilityVersion = "Xcode 9.3";
			developmentRegion = en;
			hasScannedForEncodings = 0;
			knownRegions = (
				en,
				Base,
			);
			mainGroup = 57071194222CC2D600925EB2;
			productRefGroup = 5707119E222CC2D600925EB2 /* Products */;
			projectDirPath = "";
			projectRoot = "";
			targets = (
				5707119C222CC2D600925EB2 /* 纹理stb */,
			);
		};
/* End PBXProject section */

/* Begin PBXResourcesBuildPhase section */
		5707119B222CC2D600925EB2 /* Resources */ = {
			isa = PBXResourcesBuildPhase;
			buildActionMask = 2147483647;
			files = (
				570711B0222CC2D700925EB2 /* LaunchScreen.storyboard in Resources */,
				570711C0222CC61E00925EB2 /* ver.glsl in Resources */,
				570711AD222CC2D700925EB2 /* Assets.xcassets in Resources */,
				570711C2222CC62E00925EB2 /* frag.glsl in Resources */,
				570711A8222CC2D600925EB2 /* Main.storyboard in Resources */,
				570711C5222CCF2100925EB2 /* test1Ret.jpg in Resources */,
			);
			runOnlyForDeploymentPostprocessing = 0;
		};
/* End PBXResourcesBuildPhase section */

/* Begin PBXSourcesBuildPhase section */
		57071199222CC2D600925EB2 /* Sources */ = {
			isa = PBXSourcesBuildPhase;
			buildActionMask = 2147483647;
			files = (
				570711A5222CC2D600925EB2 /* ViewController.m in Sources */,
				570711AB222CC2D600925EB2 /* __stb.xcdatamodeld in Sources */,
				570711BB222CC31900925EB2 /* YView.mm in Sources */,
				570711BE222CC56100925EB2 /* utils.m in Sources */,
				570711B3222CC2D700925EB2 /* main.m in Sources */,
				570711A2222CC2D600925EB2 /* AppDelegate.m in Sources */,
			);
			runOnlyForDeploymentPostprocessing = 0;
		};
/* End PBXSourcesBuildPhase section */

/* Begin PBXVariantGroup section */
		570711A6222CC2D600925EB2 /* Main.storyboard */ = {
			isa = PBXVariantGroup;
			children = (
				570711A7222CC2D600925EB2 /* Base */,
			);
			name = Main.storyboard;
			sourceTree = "<group>";
		};
		570711AE222CC2D700925EB2 /* LaunchScreen.storyboard */ = {
			isa = PBXVariantGroup;
			children = (
				570711AF222CC2D700925EB2 /* Base */,
			);
			name = LaunchScreen.storyboard;
			sourceTree = "<group>";
		};
/* End PBXVariantGroup section */

/* Begin XCBuildConfiguration section */
		570711B4222CC2D700925EB2 /* Debug */ = {
			isa = XCBuildConfiguration;
			buildSettings = {
				ALWAYS_SEARCH_USER_PATHS = NO;
				CLANG_ANALYZER_NONNULL = YES;
				CLANG_ANALYZER_NUMBER_OBJECT_CONVERSION = YES_AGGRESSIVE;
				CLANG_CXX_LANGUAGE_STANDARD = "gnu++14";
				CLANG_CXX_LIBRARY = "libc++";
				CLANG_ENABLE_MODULES = YES;
				CLANG_ENABLE_OBJC_ARC = YES;
				CLANG_ENABLE_OBJC_WEAK = YES;
				CLANG_WARN_BLOCK_CAPTURE_AUTORELEASING = YES;
				CLANG_WARN_BOOL_CONVERSION = YES;
				CLANG_WARN_COMMA = YES;
				CLANG_WARN_CONSTANT_CONVERSION = YES;
				CLANG_WARN_DEPRECATED_OBJC_IMPLEMENTATIONS = YES;
				CLANG_WARN_DIRECT_OBJC_ISA_USAGE = YES_ERROR;
				CLANG_WARN_DOCUMENTATION_COMMENTS = YES;
				CLANG_WARN_EMPTY_BODY = YES;
				CLANG_WARN_ENUM_CONVERSION = YES;
				CLANG_WARN_INFINITE_RECURSION = YES;
				CLANG_WARN_INT_CONVERSION = YES;
				CLANG_WARN_NON_LITERAL_NULL_CONVERSION = YES;
				CLANG_WARN_OBJC_IMPLICIT_RETAIN_SELF = YES;
				CLANG_WARN_OBJC_LITERAL_CONVERSION = YES;
				CLANG_WARN_OBJC_ROOT_CLASS = YES_ERROR;
				CLANG_WARN_RANGE_LOOP_ANALYSIS = YES;
				CLANG_WARN_STRICT_PROTOTYPES = YES;
				CLANG_WARN_SUSPICIOUS_MOVE = YES;
				CLANG_WARN_UNGUARDED_AVAILABILITY = YES_AGGRESSIVE;
				CLANG_WARN_UNREACHABLE_CODE = YES;
				CLANG_WARN__DUPLICATE_METHOD_MATCH = YES;
				CODE_SIGN_IDENTITY = "iPhone Developer";
				COPY_PHASE_STRIP = NO;
				DEBUG_INFORMATION_FORMAT = dwarf;
				ENABLE_STRICT_OBJC_MSGSEND = YES;
				ENABLE_TESTABILITY = YES;
				GCC_C_LANGUAGE_STANDARD = gnu11;
				GCC_DYNAMIC_NO_PIC = NO;
				GCC_NO_COMMON_BLOCKS = YES;
				GCC_OPTIMIZATION_LEVEL = 0;
				GCC_PREPROCESSOR_DEFINITIONS = (
					"DEBUG=1",
					"$(inherited)",
				);
				GCC_WARN_64_TO_32_BIT_CONVERSION = YES;
				GCC_WARN_ABOUT_RETURN_TYPE = YES_ERROR;
				GCC_WARN_UNDECLARED_SELECTOR = YES;
				GCC_WARN_UNINITIALIZED_AUTOS = YES_AGGRESSIVE;
				GCC_WARN_UNUSED_FUNCTION = YES;
				GCC_WARN_UNUSED_VARIABLE = YES;
				IPHONEOS_DEPLOYMENT_TARGET = 12.1;
				MTL_ENABLE_DEBUG_INFO = INCLUDE_SOURCE;
				MTL_FAST_MATH = YES;
				ONLY_ACTIVE_ARCH = YES;
				SDKROOT = iphoneos;
			};
			name = Debug;
		};
		570711B5222CC2D700925EB2 /* Release */ = {
			isa = XCBuildConfiguration;
			buildSettings = {
				ALWAYS_SEARCH_USER_PATHS = NO;
				CLANG_ANALYZER_NONNULL = YES;
				CLANG_ANALYZER_NUMBER_OBJECT_CONVERSION = YES_AGGRESSIVE;
				CLANG_CXX_LANGUAGE_STANDARD = "gnu++14";
				CLANG_CXX_LIBRARY = "libc++";
				CLANG_ENABLE_MODULES = YES;
				CLANG_ENABLE_OBJC_ARC = YES;
				CLANG_ENABLE_OBJC_WEAK = YES;
				CLANG_WARN_BLOCK_CAPTURE_AUTORELEASING = YES;
				CLANG_WARN_BOOL_CONVERSION = YES;
				CLANG_WARN_COMMA = YES;
				CLANG_WARN_CONSTANT_CONVERSION = YES;
				CLANG_WARN_DEPRECATED_OBJC_IMPLEMENTATIONS = YES;
				CLANG_WARN_DIRECT_OBJC_ISA_USAGE = YES_ERROR;
				CLANG_WARN_DOCUMENTATION_COMMENTS = YES;
				CLANG_WARN_EMPTY_BODY = YES;
				CLANG_WARN_ENUM_CONVERSION = YES;
				CLANG_WARN_INFINITE_RECURSION = YES;
				CLANG_WARN_INT_CONVERSION = YES;
				CLANG_WARN_NON_LITERAL_NULL_CONVERSION = YES;
				CLANG_WARN_OBJC_IMPLICIT_RETAIN_SELF = YES;
				CLANG_WARN_OBJC_LITERAL_CONVERSION = YES;
				CLANG_WARN_OBJC_ROOT_CLASS = YES_ERROR;
				CLANG_WARN_RANGE_LOOP_ANALYSIS = YES;
				CLANG_WARN_STRICT_PROTOTYPES = YES;
				CLANG_WARN_SUSPICIOUS_MOVE = YES;
				CLANG_WARN_UNGUARDED_AVAILABILITY = YES_AGGRESSIVE;
				CLANG_WARN_UNREACHABLE_CODE = YES;
				CLANG_WARN__DUPLICATE_METHOD_MATCH = YES;
				CODE_SIGN_IDENTITY = "iPhone Developer";
				COPY_PHASE_STRIP = NO;
				DEBUG_INFORMATION_FORMAT = "dwarf-with-dsym";
				ENABLE_NS_ASSERTIONS = NO;
				ENABLE_STRICT_OBJC_MSGSEND = YES;
				GCC_C_LANGUAGE_STANDARD = gnu11;
				GCC_NO_COMMON_BLOCKS = YES;
				GCC_WARN_64_TO_32_BIT_CONVERSION = YES;
				GCC_WARN_ABOUT_RETURN_TYPE = YES_ERROR;
				GCC_WARN_UNDECLARED_SELECTOR = YES;
				GCC_WARN_UNINITIALIZED_AUTOS = YES_AGGRESSIVE;
				GCC_WARN_UNUSED_FUNCTION = YES;
				GCC_WARN_UNUSED_VARIABLE = YES;
				IPHONEOS_DEPLOYMENT_TARGET = 12.1;
				MTL_ENABLE_DEBUG_INFO = NO;
				MTL_FAST_MATH = YES;
				SDKROOT = iphoneos;
				VALIDATE_PRODUCT = YES;
			};
			name = Release;
		};
		570711B7222CC2D700925EB2 /* Debug */ = {
			isa = XCBuildConfiguration;
			buildSettings = {
				ASSETCATALOG_COMPILER_APPICON_NAME = AppIcon;
				CODE_SIGN_STYLE = Automatic;
				DEVELOPMENT_TEAM = 4T7PD94GYF;
				INFOPLIST_FILE = "纹理stb/Info.plist";
				IPHONEOS_DEPLOYMENT_TARGET = 12.1;
				LD_RUNPATH_SEARCH_PATHS = (
					"$(inherited)",
					"@executable_path/Frameworks",
				);
				PRODUCT_BUNDLE_IDENTIFIER = "wangkaiyu.--stb";
				PRODUCT_NAME = "$(TARGET_NAME)";
				TARGETED_DEVICE_FAMILY = "1,2";
			};
			name = Debug;
		};
		570711B8222CC2D700925EB2 /* Release */ = {
			isa = XCBuildConfiguration;
			buildSettings = {
				ASSETCATALOG_COMPILER_APPICON_NAME = AppIcon;
				CODE_SIGN_STYLE = Automatic;
				DEVELOPMENT_TEAM = 4T7PD94GYF;
				INFOPLIST_FILE = "纹理stb/Info.plist";
				IPHONEOS_DEPLOYMENT_TARGET = 12.1;
				LD_RUNPATH_SEARCH_PATHS = (
					"$(inherited)",
					"@executable_path/Frameworks",
				);
				PRODUCT_BUNDLE_IDENTIFIER = "wangkaiyu.--stb";
				PRODUCT_NAME = "$(TARGET_NAME)";
				TARGETED_DEVICE_FAMILY = "1,2";
			};
			name = Release;
		};
/* End XCBuildConfiguration section */

/* Begin XCConfigurationList section */
		57071198222CC2D600925EB2 /* Build configuration list for PBXProject "纹理stb" */ = {
			isa = XCConfigurationList;
			buildConfigurations = (
				570711B4222CC2D700925EB2 /* Debug */,
				570711B5222CC2D700925EB2 /* Release */,
			);
			defaultConfigurationIsVisible = 0;
			defaultConfigurationName = Release;
		};
		570711B6222CC2D700925EB2 /* Build configuration list for PBXNativeTarget "纹理stb" */ = {
			isa = XCConfigurationList;
			buildConfigurations = (
				570711B7222CC2D700925EB2 /* Debug */,
				570711B8222CC2D700925EB2 /* Release */,
			);
			defaultConfigurationIsVisible = 0;
			defaultConfigurationName = Release;
		};
/* End XCConfigurationList section */

/* Begin XCVersionGroup section */
		570711A9222CC2D600925EB2 /* __stb.xcdatamodeld */ = {
			isa = XCVersionGroup;
			children = (
				570711AA222CC2D600925EB2 /* __stb.xcdatamodel */,
			);
			currentVersion = 570711AA222CC2D600925EB2 /* __stb.xcdatamodel */;
			path = __stb.xcdatamodeld;
			sourceTree = "<group>";
			versionGroupType = wrapper.xcdatamodel;
		};
/* End XCVersionGroup section */
	};
	rootObject = 57071195222CC2D600925EB2 /* Project object */;
}
