// !$*UTF8*$!
{
	archiveVersion = 1;
	classes = {
	};
	objectVersion = 50;
	objects = {

/* Begin PBXBuildFile section */
		578A222E21AE8E85005B3DE8 /* AppDelegate.m in Sources */ = {isa = PBXBuildFile; fileRef = 578A222D21AE8E85005B3DE8 /* AppDelegate.m */; };
		578A223121AE8E85005B3DE8 /* ViewController.m in Sources */ = {isa = PBXBuildFile; fileRef = 578A223021AE8E85005B3DE8 /* ViewController.m */; };
		578A223421AE8E85005B3DE8 /* Main.storyboard in Resources */ = {isa = PBXBuildFile; fileRef = 578A223221AE8E85005B3DE8 /* Main.storyboard */; };
		578A223721AE8E85005B3DE8 /* KYCameraDemo.xcdatamodeld in Sources */ = {isa = PBXBuildFile; fileRef = 578A223521AE8E85005B3DE8 /* KYCameraDemo.xcdatamodeld */; };
		578A223921AE8E86005B3DE8 /* Assets.xcassets in Resources */ = {isa = PBXBuildFile; fileRef = 578A223821AE8E86005B3DE8 /* Assets.xcassets */; };
		578A223C21AE8E86005B3DE8 /* LaunchScreen.storyboard in Resources */ = {isa = PBXBuildFile; fileRef = 578A223A21AE8E86005B3DE8 /* LaunchScreen.storyboard */; };
		578A223F21AE8E86005B3DE8 /* main.m in Sources */ = {isa = PBXBuildFile; fileRef = 578A223E21AE8E86005B3DE8 /* main.m */; };
		578A224721AE8F2B005B3DE8 /* KYView.m in Sources */ = {isa = PBXBuildFile; fileRef = 578A224621AE8F2B005B3DE8 /* KYView.m */; };
		578A224921AE924B005B3DE8 /* Shader.fsh in Resources */ = {isa = PBXBuildFile; fileRef = 578A224821AE924B005B3DE8 /* Shader.fsh */; };
		578A224B21AE926F005B3DE8 /* Shader.vsh in Resources */ = {isa = PBXBuildFile; fileRef = 578A224A21AE926F005B3DE8 /* Shader.vsh */; };
/* End PBXBuildFile section */

/* Begin PBXFileReference section */
		578A222921AE8E85005B3DE8 /* KYCameraDemo.app */ = {isa = PBXFileReference; explicitFileType = wrapper.application; includeInIndex = 0; path = KYCameraDemo.app; sourceTree = BUILT_PRODUCTS_DIR; };
		578A222C21AE8E85005B3DE8 /* AppDelegate.h */ = {isa = PBXFileReference; lastKnownFileType = sourcecode.c.h; path = AppDelegate.h; sourceTree = "<group>"; };
		578A222D21AE8E85005B3DE8 /* AppDelegate.m */ = {isa = PBXFileReference; lastKnownFileType = sourcecode.c.objc; path = AppDelegate.m; sourceTree = "<group>"; };
		578A222F21AE8E85005B3DE8 /* ViewController.h */ = {isa = PBXFileReference; lastKnownFileType = sourcecode.c.h; path = ViewController.h; sourceTree = "<group>"; };
		578A223021AE8E85005B3DE8 /* ViewController.m */ = {isa = PBXFileReference; lastKnownFileType = sourcecode.c.objc; path = ViewController.m; sourceTree = "<group>"; };
		578A223321AE8E85005B3DE8 /* Base */ = {isa = PBXFileReference; lastKnownFileType = file.storyboard; name = Base; path = Base.lproj/Main.storyboard; sourceTree = "<group>"; };
		578A223621AE8E85005B3DE8 /* KYCameraDemo.xcdatamodel */ = {isa = PBXFileReference; lastKnownFileType = wrapper.xcdatamodel; path = KYCameraDemo.xcdatamodel; sourceTree = "<group>"; };
		578A223821AE8E86005B3DE8 /* Assets.xcassets */ = {isa = PBXFileReference; lastKnownFileType = folder.assetcatalog; path = Assets.xcassets; sourceTree = "<group>"; };
		578A223B21AE8E86005B3DE8 /* Base */ = {isa = PBXFileReference; lastKnownFileType = file.storyboard; name = Base; path = Base.lproj/LaunchScreen.storyboard; sourceTree = "<group>"; };
		578A223D21AE8E86005B3DE8 /* Info.plist */ = {isa = PBXFileReference; lastKnownFileType = text.plist.xml; path = Info.plist; sourceTree = "<group>"; };
		578A223E21AE8E86005B3DE8 /* main.m */ = {isa = PBXFileReference; lastKnownFileType = sourcecode.c.objc; path = main.m; sourceTree = "<group>"; };
		578A224521AE8F2B005B3DE8 /* KYView.h */ = {isa = PBXFileReference; lastKnownFileType = sourcecode.c.h; path = KYView.h; sourceTree = "<group>"; };
		578A224621AE8F2B005B3DE8 /* KYView.m */ = {isa = PBXFileReference; lastKnownFileType = sourcecode.c.objc; path = KYView.m; sourceTree = "<group>"; };
		578A224821AE924B005B3DE8 /* Shader.fsh */ = {isa = PBXFileReference; lastKnownFileType = sourcecode.glsl; path = Shader.fsh; sourceTree = "<group>"; };
		578A224A21AE926F005B3DE8 /* Shader.vsh */ = {isa = PBXFileReference; lastKnownFileType = sourcecode.glsl; path = Shader.vsh; sourceTree = "<group>"; };
/* End PBXFileReference section */

/* Begin PBXFrameworksBuildPhase section */
		578A222621AE8E85005B3DE8 /* Frameworks */ = {
			isa = PBXFrameworksBuildPhase;
			buildActionMask = 2147483647;
			files = (
			);
			runOnlyForDeploymentPostprocessing = 0;
		};
/* End PBXFrameworksBuildPhase section */

/* Begin PBXGroup section */
		578A222021AE8E85005B3DE8 = {
			isa = PBXGroup;
			children = (
				578A222B21AE8E85005B3DE8 /* KYCameraDemo */,
				578A222A21AE8E85005B3DE8 /* Products */,
			);
			sourceTree = "<group>";
		};
		578A222A21AE8E85005B3DE8 /* Products */ = {
			isa = PBXGroup;
			children = (
				578A222921AE8E85005B3DE8 /* KYCameraDemo.app */,
			);
			name = Products;
			sourceTree = "<group>";
		};
		578A222B21AE8E85005B3DE8 /* KYCameraDemo */ = {
			isa = PBXGroup;
			children = (
				578A222C21AE8E85005B3DE8 /* AppDelegate.h */,
				578A222D21AE8E85005B3DE8 /* AppDelegate.m */,
				578A222F21AE8E85005B3DE8 /* ViewController.h */,
				578A223021AE8E85005B3DE8 /* ViewController.m */,
				578A224821AE924B005B3DE8 /* Shader.fsh */,
				578A224A21AE926F005B3DE8 /* Shader.vsh */,
				578A224521AE8F2B005B3DE8 /* KYView.h */,
				578A224621AE8F2B005B3DE8 /* KYView.m */,
				578A223221AE8E85005B3DE8 /* Main.storyboard */,
				578A223821AE8E86005B3DE8 /* Assets.xcassets */,
				578A223A21AE8E86005B3DE8 /* LaunchScreen.storyboard */,
				578A223D21AE8E86005B3DE8 /* Info.plist */,
				578A223E21AE8E86005B3DE8 /* main.m */,
				578A223521AE8E85005B3DE8 /* KYCameraDemo.xcdatamodeld */,
			);
			path = KYCameraDemo;
			sourceTree = "<group>";
		};
/* End PBXGroup section */

/* Begin PBXNativeTarget section */
		578A222821AE8E85005B3DE8 /* KYCameraDemo */ = {
			isa = PBXNativeTarget;
			buildConfigurationList = 578A224221AE8E86005B3DE8 /* Build configuration list for PBXNativeTarget "KYCameraDemo" */;
			buildPhases = (
				578A222521AE8E85005B3DE8 /* Sources */,
				578A222621AE8E85005B3DE8 /* Frameworks */,
				578A222721AE8E85005B3DE8 /* Resources */,
			);
			buildRules = (
			);
			dependencies = (
			);
			name = KYCameraDemo;
			productName = KYCameraDemo;
			productReference = 578A222921AE8E85005B3DE8 /* KYCameraDemo.app */;
			productType = "com.apple.product-type.application";
		};
/* End PBXNativeTarget section */

/* Begin PBXProject section */
		578A222121AE8E85005B3DE8 /* Project object */ = {
			isa = PBXProject;
			attributes = {
				LastUpgradeCheck = 0930;
				ORGANIZATIONNAME = wangkaiyu;
				TargetAttributes = {
					578A222821AE8E85005B3DE8 = {
						CreatedOnToolsVersion = 9.3;
					};
				};
			};
			buildConfigurationList = 578A222421AE8E85005B3DE8 /* Build configuration list for PBXProject "KYCameraDemo" */;
			compatibilityVersion = "Xcode 9.3";
			developmentRegion = en;
			hasScannedForEncodings = 0;
			knownRegions = (
				en,
				Base,
			);
			mainGroup = 578A222021AE8E85005B3DE8;
			productRefGroup = 578A222A21AE8E85005B3DE8 /* Products */;
			projectDirPath = "";
			projectRoot = "";
			targets = (
				578A222821AE8E85005B3DE8 /* KYCameraDemo */,
			);
		};
/* End PBXProject section */

/* Begin PBXResourcesBuildPhase section */
		578A222721AE8E85005B3DE8 /* Resources */ = {
			isa = PBXResourcesBuildPhase;
			buildActionMask = 2147483647;
			files = (
				578A224921AE924B005B3DE8 /* Shader.fsh in Resources */,
				578A223C21AE8E86005B3DE8 /* LaunchScreen.storyboard in Resources */,
				578A223921AE8E86005B3DE8 /* Assets.xcassets in Resources */,
				578A223421AE8E85005B3DE8 /* Main.storyboard in Resources */,
				578A224B21AE926F005B3DE8 /* Shader.vsh in Resources */,
			);
			runOnlyForDeploymentPostprocessing = 0;
		};
/* End PBXResourcesBuildPhase section */

/* Begin PBXSourcesBuildPhase section */
		578A222521AE8E85005B3DE8 /* Sources */ = {
			isa = PBXSourcesBuildPhase;
			buildActionMask = 2147483647;
			files = (
				578A223121AE8E85005B3DE8 /* ViewController.m in Sources */,
				578A223721AE8E85005B3DE8 /* KYCameraDemo.xcdatamodeld in Sources */,
				578A223F21AE8E86005B3DE8 /* main.m in Sources */,
				578A222E21AE8E85005B3DE8 /* AppDelegate.m in Sources */,
				578A224721AE8F2B005B3DE8 /* KYView.m in Sources */,
			);
			runOnlyForDeploymentPostprocessing = 0;
		};
/* End PBXSourcesBuildPhase section */

/* Begin PBXVariantGroup section */
		578A223221AE8E85005B3DE8 /* Main.storyboard */ = {
			isa = PBXVariantGroup;
			children = (
				578A223321AE8E85005B3DE8 /* Base */,
			);
			name = Main.storyboard;
			sourceTree = "<group>";
		};
		578A223A21AE8E86005B3DE8 /* LaunchScreen.storyboard */ = {
			isa = PBXVariantGroup;
			children = (
				578A223B21AE8E86005B3DE8 /* Base */,
			);
			name = LaunchScreen.storyboard;
			sourceTree = "<group>";
		};
/* End PBXVariantGroup section */

/* Begin XCBuildConfiguration section */
		578A224021AE8E86005B3DE8 /* Debug */ = {
			isa = XCBuildConfiguration;
			buildSettings = {
				ALWAYS_SEARCH_USER_PATHS = NO;
				CLANG_ANALYZER_NONNULL = YES;
				CLANG_ANALYZER_NUMBER_OBJECT_CONVERSION = YES_AGGRESSIVE;
				CLANG_CXX_LANGUAGE_STANDARD = "gnu++14";
				CLANG_CXX_LIBRARY = "libc++";
				CLANG_ENABLE_MODULES = YES;
				CLANG_ENABLE_OBJC_ARC = YES;
				CLANG_ENABLE_OBJC_WEAK = YES;
				CLANG_WARN_BLOCK_CAPTURE_AUTORELEASING = YES;
				CLANG_WARN_BOOL_CONVERSION = YES;
				CLANG_WARN_COMMA = YES;
				CLANG_WARN_CONSTANT_CONVERSION = YES;
				CLANG_WARN_DEPRECATED_OBJC_IMPLEMENTATIONS = YES;
				CLANG_WARN_DIRECT_OBJC_ISA_USAGE = YES_ERROR;
				CLANG_WARN_DOCUMENTATION_COMMENTS = YES;
				CLANG_WARN_EMPTY_BODY = YES;
				CLANG_WARN_ENUM_CONVERSION = YES;
				CLANG_WARN_INFINITE_RECURSION = YES;
				CLANG_WARN_INT_CONVERSION = YES;
				CLANG_WARN_NON_LITERAL_NULL_CONVERSION = YES;
				CLANG_WARN_OBJC_IMPLICIT_RETAIN_SELF = YES;
				CLANG_WARN_OBJC_LITERAL_CONVERSION = YES;
				CLANG_WARN_OBJC_ROOT_CLASS = YES_ERROR;
				CLANG_WARN_RANGE_LOOP_ANALYSIS = YES;
				CLANG_WARN_STRICT_PROTOTYPES = YES;
				CLANG_WARN_SUSPICIOUS_MOVE = YES;
				CLANG_WARN_UNGUARDED_AVAILABILITY = YES_AGGRESSIVE;
				CLANG_WARN_UNREACHABLE_CODE = YES;
				CLANG_WARN__DUPLICATE_METHOD_MATCH = YES;
				CODE_SIGN_IDENTITY = "iPhone Developer";
				COPY_PHASE_STRIP = NO;
				DEBUG_INFORMATION_FORMAT = dwarf;
				ENABLE_STRICT_OBJC_MSGSEND = YES;
				ENABLE_TESTABILITY = YES;
				GCC_C_LANGUAGE_STANDARD = gnu11;
				GCC_DYNAMIC_NO_PIC = NO;
				GCC_NO_COMMON_BLOCKS = YES;
				GCC_OPTIMIZATION_LEVEL = 0;
				GCC_PREPROCESSOR_DEFINITIONS = (
					"DEBUG=1",
					"$(inherited)",
				);
				GCC_WARN_64_TO_32_BIT_CONVERSION = YES;
				GCC_WARN_ABOUT_RETURN_TYPE = YES_ERROR;
				GCC_WARN_UNDECLARED_SELECTOR = YES;
				GCC_WARN_UNINITIALIZED_AUTOS = YES_AGGRESSIVE;
				GCC_WARN_UNUSED_FUNCTION = YES;
				GCC_WARN_UNUSED_VARIABLE = YES;
				IPHONEOS_DEPLOYMENT_TARGET = 11.3;
				MTL_ENABLE_DEBUG_INFO = YES;
				ONLY_ACTIVE_ARCH = YES;
				SDKROOT = iphoneos;
			};
			name = Debug;
		};
		578A224121AE8E86005B3DE8 /* Release */ = {
			isa = XCBuildConfiguration;
			buildSettings = {
				ALWAYS_SEARCH_USER_PATHS = NO;
				CLANG_ANALYZER_NONNULL = YES;
				CLANG_ANALYZER_NUMBER_OBJECT_CONVERSION = YES_AGGRESSIVE;
				CLANG_CXX_LANGUAGE_STANDARD = "gnu++14";
				CLANG_CXX_LIBRARY = "libc++";
				CLANG_ENABLE_MODULES = YES;
				CLANG_ENABLE_OBJC_ARC = YES;
				CLANG_ENABLE_OBJC_WEAK = YES;
				CLANG_WARN_BLOCK_CAPTURE_AUTORELEASING = YES;
				CLANG_WARN_BOOL_CONVERSION = YES;
				CLANG_WARN_COMMA = YES;
				CLANG_WARN_CONSTANT_CONVERSION = YES;
				CLANG_WARN_DEPRECATED_OBJC_IMPLEMENTATIONS = YES;
				CLANG_WARN_DIRECT_OBJC_ISA_USAGE = YES_ERROR;
				CLANG_WARN_DOCUMENTATION_COMMENTS = YES;
				CLANG_WARN_EMPTY_BODY = YES;
				CLANG_WARN_ENUM_CONVERSION = YES;
				CLANG_WARN_INFINITE_RECURSION = YES;
				CLANG_WARN_INT_CONVERSION = YES;
				CLANG_WARN_NON_LITERAL_NULL_CONVERSION = YES;
				CLANG_WARN_OBJC_IMPLICIT_RETAIN_SELF = YES;
				CLANG_WARN_OBJC_LITERAL_CONVERSION = YES;
				CLANG_WARN_OBJC_ROOT_CLASS = YES_ERROR;
				CLANG_WARN_RANGE_LOOP_ANALYSIS = YES;
				CLANG_WARN_STRICT_PROTOTYPES = YES;
				CLANG_WARN_SUSPICIOUS_MOVE = YES;
				CLANG_WARN_UNGUARDED_AVAILABILITY = YES_AGGRESSIVE;
				CLANG_WARN_UNREACHABLE_CODE = YES;
				CLANG_WARN__DUPLICATE_METHOD_MATCH = YES;
				CODE_SIGN_IDENTITY = "iPhone Developer";
				COPY_PHASE_STRIP = NO;
				DEBUG_INFORMATION_FORMAT = "dwarf-with-dsym";
				ENABLE_NS_ASSERTIONS = NO;
				ENABLE_STRICT_OBJC_MSGSEND = YES;
				GCC_C_LANGUAGE_STANDARD = gnu11;
				GCC_NO_COMMON_BLOCKS = YES;
				GCC_WARN_64_TO_32_BIT_CONVERSION = YES;
				GCC_WARN_ABOUT_RETURN_TYPE = YES_ERROR;
				GCC_WARN_UNDECLARED_SELECTOR = YES;
				GCC_WARN_UNINITIALIZED_AUTOS = YES_AGGRESSIVE;
				GCC_WARN_UNUSED_FUNCTION = YES;
				GCC_WARN_UNUSED_VARIABLE = YES;
				IPHONEOS_DEPLOYMENT_TARGET = 11.3;
				MTL_ENABLE_DEBUG_INFO = NO;
				SDKROOT = iphoneos;
				VALIDATE_PRODUCT = YES;
			};
			name = Release;
		};
		578A224321AE8E86005B3DE8 /* Debug */ = {
			isa = XCBuildConfiguration;
			buildSettings = {
				ASSETCATALOG_COMPILER_APPICON_NAME = AppIcon;
				CODE_SIGN_STYLE = Automatic;
				DEVELOPMENT_TEAM = 6J62AU9PV3;
				INFOPLIST_FILE = KYCameraDemo/Info.plist;
				LD_RUNPATH_SEARCH_PATHS = (
					"$(inherited)",
					"@executable_path/Frameworks",
				);
				PRODUCT_BUNDLE_IDENTIFIER = wangkaiyu.KYCameraDemo;
				PRODUCT_NAME = "$(TARGET_NAME)";
				TARGETED_DEVICE_FAMILY = "1,2";
			};
			name = Debug;
		};
		578A224421AE8E86005B3DE8 /* Release */ = {
			isa = XCBuildConfiguration;
			buildSettings = {
				ASSETCATALOG_COMPILER_APPICON_NAME = AppIcon;
				CODE_SIGN_STYLE = Automatic;
				DEVELOPMENT_TEAM = 6J62AU9PV3;
				INFOPLIST_FILE = KYCameraDemo/Info.plist;
				LD_RUNPATH_SEARCH_PATHS = (
					"$(inherited)",
					"@executable_path/Frameworks",
				);
				PRODUCT_BUNDLE_IDENTIFIER = wangkaiyu.KYCameraDemo;
				PRODUCT_NAME = "$(TARGET_NAME)";
				TARGETED_DEVICE_FAMILY = "1,2";
			};
			name = Release;
		};
/* End XCBuildConfiguration section */

/* Begin XCConfigurationList section */
		578A222421AE8E85005B3DE8 /* Build configuration list for PBXProject "KYCameraDemo" */ = {
			isa = XCConfigurationList;
			buildConfigurations = (
				578A224021AE8E86005B3DE8 /* Debug */,
				578A224121AE8E86005B3DE8 /* Release */,
			);
			defaultConfigurationIsVisible = 0;
			defaultConfigurationName = Release;
		};
		578A224221AE8E86005B3DE8 /* Build configuration list for PBXNativeTarget "KYCameraDemo" */ = {
			isa = XCConfigurationList;
			buildConfigurations = (
				578A224321AE8E86005B3DE8 /* Debug */,
				578A224421AE8E86005B3DE8 /* Release */,
			);
			defaultConfigurationIsVisible = 0;
			defaultConfigurationName = Release;
		};
/* End XCConfigurationList section */

/* Begin XCVersionGroup section */
		578A223521AE8E85005B3DE8 /* KYCameraDemo.xcdatamodeld */ = {
			isa = XCVersionGroup;
			children = (
				578A223621AE8E85005B3DE8 /* KYCameraDemo.xcdatamodel */,
			);
			currentVersion = 578A223621AE8E85005B3DE8 /* KYCameraDemo.xcdatamodel */;
			path = KYCameraDemo.xcdatamodeld;
			sourceTree = "<group>";
			versionGroupType = wrapper.xcdatamodel;
		};
/* End XCVersionGroup section */
	};
	rootObject = 578A222121AE8E85005B3DE8 /* Project object */;
}
